
Microsoft Visual Studio Solution File, Format Version 12.00
# Visual Studio 14
VisualStudioVersion = 14.0.25420.1
MinimumVisualStudioVersion = 10.0.40219.1
Project("{8BC9CEB8-8B4A-11D0-8D11-00A0C91BC942}") = "gridLineNum", "gridLineNum\gridLineNum.vcxproj", "{E28B89DD-3B3D-4DD4-B50B-BC5FE7195262}"
EndProject
Project("{8BC9CEB8-8B4A-11D0-8D11-00A0C91BC942}") = "bottleSwap", "bottleSwap\bottleSwap.vcxproj", "{D7AF2761-EB55-4CA7-BF3B-66AC25EC3065}"
EndProject
Project("{8BC9CEB8-8B4A-11D0-8D11-00A0C91BC942}") = "cannotPay_Min", "cannotPay_Min\cannotPay_Min.vcxproj", "{70D53891-7CAA-4348-90C7-72C23782002C}"
EndProject
Project("{8BC9CEB8-8B4A-11D0-8D11-00A0C91BC942}") = "digitFibb", "digitFibb\digitFibb.vcxproj", "{6A0402AC-8891-4D39-AB0E-BD4E440B1C17}"
EndProject
Global
	GlobalSection(SolutionConfigurationPlatforms) = preSolution
		Debug|x64 = Debug|x64
		Debug|x86 = Debug|x86
		Release|x64 = Release|x64
		Release|x86 = Release|x86
	EndGlobalSection
	GlobalSection(ProjectConfigurationPlatforms) = postSolution
		{E28B89DD-3B3D-4DD4-B50B-BC5FE7195262}.Debug|x64.ActiveCfg = Debug|x64
		{E28B89DD-3B3D-4DD4-B50B-BC5FE7195262}.Debug|x64.Build.0 = Debug|x64
		{E28B89DD-3B3D-4DD4-B50B-BC5FE7195262}.Debug|x86.ActiveCfg = Debug|Win32
		{E28B89DD-3B3D-4DD4-B50B-BC5FE7195262}.Debug|x86.Build.0 = Debug|Win32
		{E28B89DD-3B3D-4DD4-B50B-BC5FE7195262}.Release|x64.ActiveCfg = Release|x64
		{E28B89DD-3B3D-4DD4-B50B-BC5FE7195262}.Release|x64.Build.0 = Release|x64
		{E28B89DD-3B3D-4DD4-B50B-BC5FE7195262}.Release|x86.ActiveCfg = Release|Win32
		{E28B89DD-3B3D-4DD4-B50B-BC5FE7195262}.Release|x86.Build.0 = Release|Win32
		{D7AF2761-EB55-4CA7-BF3B-66AC25EC3065}.Debug|x64.ActiveCfg = Debug|x64
		{D7AF2761-EB55-4CA7-BF3B-66AC25EC3065}.Debug|x64.Build.0 = Debug|x64
		{D7AF2761-EB55-4CA7-BF3B-66AC25EC3065}.Debug|x86.ActiveCfg = Debug|Win32
		{D7AF2761-EB55-4CA7-BF3B-66AC25EC3065}.Debug|x86.Build.0 = Debug|Win32
		{D7AF2761-EB55-4CA7-BF3B-66AC25EC3065}.Release|x64.ActiveCfg = Release|x64
		{D7AF2761-EB55-4CA7-BF3B-66AC25EC3065}.Release|x64.Build.0 = Release|x64
		{D7AF2761-EB55-4CA7-BF3B-66AC25EC3065}.Release|x86.ActiveCfg = Release|Win32
		{D7AF2761-EB55-4CA7-BF3B-66AC25EC3065}.Release|x86.Build.0 = Release|Win32
		{70D53891-7CAA-4348-90C7-72C23782002C}.Debug|x64.ActiveCfg = Debug|Win32
		{70D53891-7CAA-4348-90C7-72C23782002C}.Debug|x86.ActiveCfg = Debug|Win32
		{70D53891-7CAA-4348-90C7-72C23782002C}.Debug|x86.Build.0 = Debug|Win32
		{70D53891-7CAA-4348-90C7-72C23782002C}.Release|x64.ActiveCfg = Release|Win32
		{70D53891-7CAA-4348-90C7-72C23782002C}.Release|x86.ActiveCfg = Release|Win32
		{70D53891-7CAA-4348-90C7-72C23782002C}.Release|x86.Build.0 = Release|Win32
		{6A0402AC-8891-4D39-AB0E-BD4E440B1C17}.Debug|x64.ActiveCfg = Debug|Win32
		{6A0402AC-8891-4D39-AB0E-BD4E440B1C17}.Debug|x86.ActiveCfg = Debug|Win32
		{6A0402AC-8891-4D39-AB0E-BD4E440B1C17}.Debug|x86.Build.0 = Debug|Win32
		{6A0402AC-8891-4D39-AB0E-BD4E440B1C17}.Release|x64.ActiveCfg = Release|Win32
		{6A0402AC-8891-4D39-AB0E-BD4E440B1C17}.Release|x86.ActiveCfg = Release|Win32
		{6A0402AC-8891-4D39-AB0E-BD4E440B1C17}.Release|x86.Build.0 = Release|Win32
	EndGlobalSection
	GlobalSection(SolutionProperties) = preSolution
		HideSolutionNode = FALSE
	EndGlobalSection
EndGlobal
